
Microsoft Visual Studio Solution File, Format Version 12.00
# Visual Studio 15
VisualStudioVersion = 15.0.26730.8
MinimumVisualStudioVersion = 10.0.40219.1
Project("{E24C65DC-7377-472B-9ABA-BC803B73C61A}") = "davidcosmanio", ".", "{272C2303-AB51-4648-A188-31E03CE224E8}"
	ProjectSection(WebsiteProperties) = preProject
		TargetFrameworkMoniker = ".NETFramework,Version%3Dv4.0"
		Debug.AspNetCompiler.VirtualPath = "/localhost_63797"
		Debug.AspNetCompiler.PhysicalPath = "..\davidcosmanio\"
		Debug.AspNetCompiler.TargetPath = "PrecompiledWeb\localhost_63797\"
		Debug.AspNetCompiler.Updateable = "true"
		Debug.AspNetCompiler.ForceOverwrite = "true"
		Debug.AspNetCompiler.FixedNames = "false"
		Debug.AspNetCompiler.Debug = "True"
		Release.AspNetCompiler.VirtualPath = "/localhost_63797"
		Release.AspNetCompiler.PhysicalPath = "..\davidcosmanio\"
		Release.AspNetCompiler.TargetPath = "PrecompiledWeb\localhost_63797\"
		Release.AspNetCompiler.Updateable = "true"
		Release.AspNetCompiler.ForceOverwrite = "true"
		Release.AspNetCompiler.FixedNames = "false"
		Release.AspNetCompiler.Debug = "False"
		VWDPort = "63797"
		SlnRelativePath = "..\davidcosmanio\"
	EndProjectSection
EndProject
Global
	GlobalSection(SolutionConfigurationPlatforms) = preSolution
		Debug|Any CPU = Debug|Any CPU
	EndGlobalSection
	GlobalSection(ProjectConfigurationPlatforms) = postSolution
		{272C2303-AB51-4648-A188-31E03CE224E8}.Debug|Any CPU.ActiveCfg = Debug|Any CPU
		{272C2303-AB51-4648-A188-31E03CE224E8}.Debug|Any CPU.Build.0 = Debug|Any CPU
	EndGlobalSection
	GlobalSection(SolutionProperties) = preSolution
		HideSolutionNode = FALSE
	EndGlobalSection
	GlobalSection(ExtensibilityGlobals) = postSolution
		SolutionGuid = {E2E04A6D-2AF4-461C-BB80-E5F33336A9C6}
	EndGlobalSection
EndGlobal
